
Microsoft Visual Studio Solution File, Format Version 12.00
# Visual Studio Version 17
VisualStudioVersion = 17.0.32014.148
MinimumVisualStudioVersion = 10.0.40219.1
Project("{FAE04EC0-301F-11D3-BF4B-00C04F79EFBC}") = "BookStore", "BookStore.csproj", "{569928DC-ACD7-46F9-9FA6-639D5C0CF4AF}"
EndProject
Global
	GlobalSection(SolutionConfigurationPlatforms) = preSolution
		Debug|Any CPU = Debug|Any CPU
		Release|Any CPU = Release|Any CPU
	EndGlobalSection
	GlobalSection(ProjectConfigurationPlatforms) = postSolution
		{569928DC-ACD7-46F9-9FA6-639D5C0CF4AF}.Debug|Any CPU.ActiveCfg = Debug|Any CPU
		{569928DC-ACD7-46F9-9FA6-639D5C0CF4AF}.Debug|Any CPU.Build.0 = Debug|Any CPU
		{569928DC-ACD7-46F9-9FA6-639D5C0CF4AF}.Release|Any CPU.ActiveCfg = Release|Any CPU
		{569928DC-ACD7-46F9-9FA6-639D5C0CF4AF}.Release|Any CPU.Build.0 = Release|Any CPU
	EndGlobalSection
	GlobalSection(SolutionProperties) = preSolution
		HideSolutionNode = FALSE
	EndGlobalSection
	GlobalSection(ExtensibilityGlobals) = postSolution
		SolutionGuid = {2093DFA5-96DB-44E6-92F7-666D77A11DE8}
	EndGlobalSection
EndGlobal
